// !$*UTF8*$!
{
	archiveVersion = 1;
	classes = {
	};
	objectVersion = 46;
	objects = {

/* Begin PBXBuildFile section */
		944A45DA1C79B80100C5C42E /* AppDelegate.swift in Sources */ = {isa = PBXBuildFile; fileRef = 944A45D91C79B80100C5C42E /* AppDelegate.swift */; };
		944A45DC1C79B80100C5C42E /* ViewController.swift in Sources */ = {isa = PBXBuildFile; fileRef = 944A45DB1C79B80100C5C42E /* ViewController.swift */; };
		944A45DF1C79B80100C5C42E /* Main.storyboard in Resources */ = {isa = PBXBuildFile; fileRef = 944A45DD1C79B80100C5C42E /* Main.storyboard */; };
		944A45E11C79B80100C5C42E /* Assets.xcassets in Resources */ = {isa = PBXBuildFile; fileRef = 944A45E01C79B80100C5C42E /* Assets.xcassets */; };
		944A45E41C79B80100C5C42E /* LaunchScreen.storyboard in Resources */ = {isa = PBXBuildFile; fileRef = 944A45E21C79B80100C5C42E /* LaunchScreen.storyboard */; };
/* End PBXBuildFile section */

/* Begin PBXFileReference section */
		944A45D61C79B80100C5C42E /* TwitlyClient.app */ = {isa = PBXFileReference; explicitFileType = wrapper.application; includeInIndex = 0; path = TwitlyClient.app; sourceTree = BUILT_PRODUCTS_DIR; };
		944A45D91C79B80100C5C42E /* AppDelegate.swift */ = {isa = PBXFileReference; lastKnownFileType = sourcecode.swift; path = AppDelegate.swift; sourceTree = "<group>"; };
		944A45DB1C79B80100C5C42E /* ViewController.swift */ = {isa = PBXFileReference; lastKnownFileType = sourcecode.swift; path = ViewController.swift; sourceTree = "<group>"; };
		944A45DE1C79B80100C5C42E /* Base */ = {isa = PBXFileReference; lastKnownFileType = file.storyboard; name = Base; path = Base.lproj/Main.storyboard; sourceTree = "<group>"; };
		944A45E01C79B80100C5C42E /* Assets.xcassets */ = {isa = PBXFileReference; lastKnownFileType = folder.assetcatalog; path = Assets.xcassets; sourceTree = "<group>"; };
		944A45E31C79B80100C5C42E /* Base */ = {isa = PBXFileReference; lastKnownFileType = file.storyboard; name = Base; path = Base.lproj/LaunchScreen.storyboard; sourceTree = "<group>"; };
		944A45E51C79B80100C5C42E /* Info.plist */ = {isa = PBXFileReference; lastKnownFileType = text.plist.xml; path = Info.plist; sourceTree = "<group>"; };
/* End PBXFileReference section */

/* Begin PBXFrameworksBuildPhase section */
		944A45D31C79B80100C5C42E /* Frameworks */ = {
			isa = PBXFrameworksBuildPhase;
			buildActionMask = 2147483647;
			files = (
			);
			runOnlyForDeploymentPostprocessing = 0;
		};
/* End PBXFrameworksBuildPhase section */

/* Begin PBXGroup section */
		944A45CD1C79B80100C5C42E = {
			isa = PBXGroup;
			children = (
				944A45D81C79B80100C5C42E /* TwitlyClient */,
				944A45D71C79B80100C5C42E /* Products */,
			);
			sourceTree = "<group>";
		};
		944A45D71C79B80100C5C42E /* Products */ = {
			isa = PBXGroup;
			children = (
				944A45D61C79B80100C5C42E /* TwitlyClient.app */,
			);
			name = Products;
			sourceTree = "<group>";
		};
		944A45D81C79B80100C5C42E /* TwitlyClient */ = {
			isa = PBXGroup;
			children = (
				944A45D91C79B80100C5C42E /* AppDelegate.swift */,
				944A45DB1C79B80100C5C42E /* ViewController.swift */,
				944A45DD1C79B80100C5C42E /* Main.storyboard */,
				944A45E01C79B80100C5C42E /* Assets.xcassets */,
				944A45E21C79B80100C5C42E /* LaunchScreen.storyboard */,
				944A45E51C79B80100C5C42E /* Info.plist */,
			);
			path = TwitlyClient;
			sourceTree = "<group>";
		};
/* End PBXGroup section */

/* Begin PBXNativeTarget section */
		944A45D51C79B80100C5C42E /* TwitlyClient */ = {
			isa = PBXNativeTarget;
			buildConfigurationList = 944A45E81C79B80100C5C42E /* Build configuration list for PBXNativeTarget "TwitlyClient" */;
			buildPhases = (
				944A45D21C79B80100C5C42E /* Sources */,
				944A45D31C79B80100C5C42E /* Frameworks */,
				944A45D41C79B80100C5C42E /* Resources */,
			);
			buildRules = (
			);
			dependencies = (
			);
			name = TwitlyClient;
			productName = TwitlyClient;
			productReference = 944A45D61C79B80100C5C42E /* TwitlyClient.app */;
			productType = "com.apple.product-type.application";
		};
/* End PBXNativeTarget section */

/* Begin PBXProject section */
		944A45CE1C79B80100C5C42E /* Project object */ = {
			isa = PBXProject;
			attributes = {
				LastSwiftUpdateCheck = 0720;
				LastUpgradeCheck = 0720;
				ORGANIZATIONNAME = zapps;
				TargetAttributes = {
					944A45D51C79B80100C5C42E = {
						CreatedOnToolsVersion = 7.2.1;
					};
				};
			};
			buildConfigurationList = 944A45D11C79B80100C5C42E /* Build configuration list for PBXProject "TwitlyClient" */;
			compatibilityVersion = "Xcode 3.2";
			developmentRegion = English;
			hasScannedForEncodings = 0;
			knownRegions = (
				en,
				Base,
			);
			mainGroup = 944A45CD1C79B80100C5C42E;
			productRefGroup = 944A45D71C79B80100C5C42E /* Products */;
			projectDirPath = "";
			projectRoot = "";
			targets = (
				944A45D51C79B80100C5C42E /* TwitlyClient */,
			);
		};
/* End PBXProject section */

/* Begin PBXResourcesBuildPhase section */
		944A45D41C79B80100C5C42E /* Resources */ = {
			isa = PBXResourcesBuildPhase;
			buildActionMask = 2147483647;
			files = (
				944A45E41C79B80100C5C42E /* LaunchScreen.storyboard in Resources */,
				944A45E11C79B80100C5C42E /* Assets.xcassets in Resources */,
				944A45DF1C79B80100C5C42E /* Main.storyboard in Resources */,
			);
			runOnlyForDeploymentPostprocessing = 0;
		};
/* End PBXResourcesBuildPhase section */

/* Begin PBXSourcesBuildPhase section */
		944A45D21C79B80100C5C42E /* Sources */ = {
			isa = PBXSourcesBuildPhase;
			buildActionMask = 2147483647;
			files = (
				944A45DC1C79B80100C5C42E /* ViewController.swift in Sources */,
				944A45DA1C79B80100C5C42E /* AppDelegate.swift in Sources */,
			);
			runOnlyForDeploymentPostprocessing = 0;
		};
/* End PBXSourcesBuildPhase section */

/* Begin PBXVariantGroup section */
		944A45DD1C79B80100C5C42E /* Main.storyboard */ = {
			isa = PBXVariantGroup;
			children = (
				944A45DE1C79B80100C5C42E /* Base */,
			);
			name = Main.storyboard;
			sourceTree = "<group>";
		};
		944A45E21C79B80100C5C42E /* LaunchScreen.storyboard */ = {
			isa = PBXVariantGroup;
			children = (
				944A45E31C79B80100C5C42E /* Base */,
			);
			name = LaunchScreen.storyboard;
			sourceTree = "<group>";
		};
/* End PBXVariantGroup section */

/* Begin XCBuildConfiguration section */
		944A45E61C79B80100C5C42E /* Debug */ = {
			isa = XCBuildConfiguration;
			buildSettings = {
				ALWAYS_SEARCH_USER_PATHS = NO;
				CLANG_CXX_LANGUAGE_STANDARD = "gnu++0x";
				CLANG_CXX_LIBRARY = "libc++";
				CLANG_ENABLE_MODULES = YES;
				CLANG_ENABLE_OBJC_ARC = YES;
				CLANG_WARN_BOOL_CONVERSION = YES;
				CLANG_WARN_CONSTANT_CONVERSION = YES;
				CLANG_WARN_DIRECT_OBJC_ISA_USAGE = YES_ERROR;
				CLANG_WARN_EMPTY_BODY = YES;
				CLANG_WARN_ENUM_CONVERSION = YES;
				CLANG_WARN_INT_CONVERSION = YES;
				CLANG_WARN_OBJC_ROOT_CLASS = YES_ERROR;
				CLANG_WARN_UNREACHABLE_CODE = YES;
				CLANG_WARN__DUPLICATE_METHOD_MATCH = YES;
				"CODE_SIGN_IDENTITY[sdk=iphoneos*]" = "iPhone Developer";
				COPY_PHASE_STRIP = NO;
				DEBUG_INFORMATION_FORMAT = dwarf;
				ENABLE_STRICT_OBJC_MSGSEND = YES;
				ENABLE_TESTABILITY = YES;
				GCC_C_LANGUAGE_STANDARD = gnu99;
				GCC_DYNAMIC_NO_PIC = NO;
				GCC_NO_COMMON_BLOCKS = YES;
				GCC_OPTIMIZATION_LEVEL = 0;
				GCC_PREPROCESSOR_DEFINITIONS = (
					"DEBUG=1",
					"$(inherited)",
				);
				GCC_WARN_64_TO_32_BIT_CONVERSION = YES;
				GCC_WARN_ABOUT_RETURN_TYPE = YES_ERROR;
				GCC_WARN_UNDECLARED_SELECTOR = YES;
				GCC_WARN_UNINITIALIZED_AUTOS = YES_AGGRESSIVE;
				GCC_WARN_UNUSED_FUNCTION = YES;
				GCC_WARN_UNUSED_VARIABLE = YES;
				IPHONEOS_DEPLOYMENT_TARGET = 9.2;
				MTL_ENABLE_DEBUG_INFO = YES;
				ONLY_ACTIVE_ARCH = YES;
				SDKROOT = iphoneos;
				SWIFT_OPTIMIZATION_LEVEL = "-Onone";
			};
			name = Debug;
		};
		944A45E71C79B80100C5C42E /* Release */ = {
			isa = XCBuildConfiguration;
			buildSettings = {
				ALWAYS_SEARCH_USER_PATHS = NO;
				CLANG_CXX_LANGUAGE_STANDARD = "gnu++0x";
				CLANG_CXX_LIBRARY = "libc++";
				CLANG_ENABLE_MODULES = YES;
				CLANG_ENABLE_OBJC_ARC = YES;
				CLANG_WARN_BOOL_CONVERSION = YES;
				CLANG_WARN_CONSTANT_CONVERSION = YES;
				CLANG_WARN_DIRECT_OBJC_ISA_USAGE = YES_ERROR;
				CLANG_WARN_EMPTY_BODY = YES;
				CLANG_WARN_ENUM_CONVERSION = YES;
				CLANG_WARN_INT_CONVERSION = YES;
				CLANG_WARN_OBJC_ROOT_CLASS = YES_ERROR;
				CLANG_WARN_UNREACHABLE_CODE = YES;
				CLANG_WARN__DUPLICATE_METHOD_MATCH = YES;
				"CODE_SIGN_IDENTITY[sdk=iphoneos*]" = "iPhone Developer";
				COPY_PHASE_STRIP = NO;
				DEBUG_INFORMATION_FORMAT = "dwarf-with-dsym";
				ENABLE_NS_ASSERTIONS = NO;
				ENABLE_STRICT_OBJC_MSGSEND = YES;
				GCC_C_LANGUAGE_STANDARD = gnu99;
				GCC_NO_COMMON_BLOCKS = YES;
				GCC_WARN_64_TO_32_BIT_CONVERSION = YES;
				GCC_WARN_ABOUT_RETURN_TYPE = YES_ERROR;
				GCC_WARN_UNDECLARED_SELECTOR = YES;
				GCC_WARN_UNINITIALIZED_AUTOS = YES_AGGRESSIVE;
				GCC_WARN_UNUSED_FUNCTION = YES;
				GCC_WARN_UNUSED_VARIABLE = YES;
				IPHONEOS_DEPLOYMENT_TARGET = 9.2;
				MTL_ENABLE_DEBUG_INFO = NO;
				SDKROOT = iphoneos;
				VALIDATE_PRODUCT = YES;
			};
			name = Release;
		};
		944A45E91C79B80100C5C42E /* Debug */ = {
			isa = XCBuildConfiguration;
			buildSettings = {
				ASSETCATALOG_COMPILER_APPICON_NAME = AppIcon;
				INFOPLIST_FILE = TwitlyClient/Info.plist;
				LD_RUNPATH_SEARCH_PATHS = "$(inherited) @executable_path/Frameworks";
				PRODUCT_BUNDLE_IDENTIFIER = com.zapps.TwitlyClient;
				PRODUCT_NAME = "$(TARGET_NAME)";
			};
			name = Debug;
		};
		944A45EA1C79B80100C5C42E /* Release */ = {
			isa = XCBuildConfiguration;
			buildSettings = {
				ASSETCATALOG_COMPILER_APPICON_NAME = AppIcon;
				INFOPLIST_FILE = TwitlyClient/Info.plist;
				LD_RUNPATH_SEARCH_PATHS = "$(inherited) @executable_path/Frameworks";
				PRODUCT_BUNDLE_IDENTIFIER = com.zapps.TwitlyClient;
				PRODUCT_NAME = "$(TARGET_NAME)";
			};
			name = Release;
		};
/* End XCBuildConfiguration section */

/* Begin XCConfigurationList section */
		944A45D11C79B80100C5C42E /* Build configuration list for PBXProject "TwitlyClient" */ = {
			isa = XCConfigurationList;
			buildConfigurations = (
				944A45E61C79B80100C5C42E /* Debug */,
				944A45E71C79B80100C5C42E /* Release */,
			);
			defaultConfigurationIsVisible = 0;
			defaultConfigurationName = Release;
		};
		944A45E81C79B80100C5C42E /* Build configuration list for PBXNativeTarget "TwitlyClient" */ = {
			isa = XCConfigurationList;
			buildConfigurations = (
				944A45E91C79B80100C5C42E /* Debug */,
				944A45EA1C79B80100C5C42E /* Release */,
			);
			defaultConfigurationIsVisible = 0;
		};
/* End XCConfigurationList section */
	};
	rootObject = 944A45CE1C79B80100C5C42E /* Project object */;
}
